
Microsoft Visual Studio Solution File, Format Version 12.00
# Visual Studio Version 16
VisualStudioVersion = 16.0.30621.155
MinimumVisualStudioVersion = 10.0.40219.1
Project("{FAE04EC0-301F-11D3-BF4B-00C04F79EFBC}") = "list collction", "list collction\list collction.csproj", "{49B81351-3E2A-4CF3-A2D6-897FFBD55BCC}"
EndProject
Global
	GlobalSection(SolutionConfigurationPlatforms) = preSolution
		Debug|Any CPU = Debug|Any CPU
		Release|Any CPU = Release|Any CPU
	EndGlobalSection
	GlobalSection(ProjectConfigurationPlatforms) = postSolution
		{49B81351-3E2A-4CF3-A2D6-897FFBD55BCC}.Debug|Any CPU.ActiveCfg = Debug|Any CPU
		{49B81351-3E2A-4CF3-A2D6-897FFBD55BCC}.Debug|Any CPU.Build.0 = Debug|Any CPU
		{49B81351-3E2A-4CF3-A2D6-897FFBD55BCC}.Release|Any CPU.ActiveCfg = Release|Any CPU
		{49B81351-3E2A-4CF3-A2D6-897FFBD55BCC}.Release|Any CPU.Build.0 = Release|Any CPU
	EndGlobalSection
	GlobalSection(SolutionProperties) = preSolution
		HideSolutionNode = FALSE
	EndGlobalSection
	GlobalSection(ExtensibilityGlobals) = postSolution
		SolutionGuid = {6D7EFC9B-CE4E-4628-A6C1-19301644502C}
	EndGlobalSection
EndGlobal
