
Microsoft Visual Studio Solution File, Format Version 12.00
# Visual Studio Version 16
VisualStudioVersion = 16.0.30621.155
MinimumVisualStudioVersion = 10.0.40219.1
Project("{FAE04EC0-301F-11D3-BF4B-00C04F79EFBC}") = "dec14", "dec14\dec14.csproj", "{7CF82D93-3551-44D8-934D-FFAD15BE9C21}"
EndProject
Project("{FAE04EC0-301F-11D3-BF4B-00C04F79EFBC}") = "ConsoleApp2", "ConsoleApp2\ConsoleApp2.csproj", "{5E86517C-63AE-46E9-BC88-220857251EEF}"
EndProject
Global
	GlobalSection(SolutionConfigurationPlatforms) = preSolution
		Debug|Any CPU = Debug|Any CPU
		Release|Any CPU = Release|Any CPU
	EndGlobalSection
	GlobalSection(ProjectConfigurationPlatforms) = postSolution
		{7CF82D93-3551-44D8-934D-FFAD15BE9C21}.Debug|Any CPU.ActiveCfg = Debug|Any CPU
		{7CF82D93-3551-44D8-934D-FFAD15BE9C21}.Debug|Any CPU.Build.0 = Debug|Any CPU
		{7CF82D93-3551-44D8-934D-FFAD15BE9C21}.Release|Any CPU.ActiveCfg = Release|Any CPU
		{7CF82D93-3551-44D8-934D-FFAD15BE9C21}.Release|Any CPU.Build.0 = Release|Any CPU
		{5E86517C-63AE-46E9-BC88-220857251EEF}.Debug|Any CPU.ActiveCfg = Debug|Any CPU
		{5E86517C-63AE-46E9-BC88-220857251EEF}.Debug|Any CPU.Build.0 = Debug|Any CPU
		{5E86517C-63AE-46E9-BC88-220857251EEF}.Release|Any CPU.ActiveCfg = Release|Any CPU
		{5E86517C-63AE-46E9-BC88-220857251EEF}.Release|Any CPU.Build.0 = Release|Any CPU
	EndGlobalSection
	GlobalSection(SolutionProperties) = preSolution
		HideSolutionNode = FALSE
	EndGlobalSection
	GlobalSection(ExtensibilityGlobals) = postSolution
		SolutionGuid = {E9E1D5B1-B340-46AB-8543-00213474FA14}
	EndGlobalSection
EndGlobal
