
Microsoft Visual Studio Solution File, Format Version 12.00
# Visual Studio Version 16
VisualStudioVersion = 16.0.30621.155
MinimumVisualStudioVersion = 10.0.40219.1
Project("{FAE04EC0-301F-11D3-BF4B-00C04F79EFBC}") = "practice", "practice\practice.csproj", "{B5EB3908-E677-4074-A836-A8E8FF3F6601}"
EndProject
Global
	GlobalSection(SolutionConfigurationPlatforms) = preSolution
		Debug|Any CPU = Debug|Any CPU
		Release|Any CPU = Release|Any CPU
	EndGlobalSection
	GlobalSection(ProjectConfigurationPlatforms) = postSolution
		{B5EB3908-E677-4074-A836-A8E8FF3F6601}.Debug|Any CPU.ActiveCfg = Debug|Any CPU
		{B5EB3908-E677-4074-A836-A8E8FF3F6601}.Debug|Any CPU.Build.0 = Debug|Any CPU
		{B5EB3908-E677-4074-A836-A8E8FF3F6601}.Release|Any CPU.ActiveCfg = Release|Any CPU
		{B5EB3908-E677-4074-A836-A8E8FF3F6601}.Release|Any CPU.Build.0 = Release|Any CPU
	EndGlobalSection
	GlobalSection(SolutionProperties) = preSolution
		HideSolutionNode = FALSE
	EndGlobalSection
	GlobalSection(ExtensibilityGlobals) = postSolution
		SolutionGuid = {69AE2EF7-D2DD-40A3-A4D7-68D2D0E810DD}
	EndGlobalSection
EndGlobal
