
Microsoft Visual Studio Solution File, Format Version 12.00
# Visual Studio Version 16
VisualStudioVersion = 16.0.30621.155
MinimumVisualStudioVersion = 10.0.40219.1
Project("{FAE04EC0-301F-11D3-BF4B-00C04F79EFBC}") = "task-4dec", "task-4dec\task-4dec.csproj", "{96A52DD1-5C5A-4154-BB3F-131EBFCEA379}"
EndProject
Global
	GlobalSection(SolutionConfigurationPlatforms) = preSolution
		Debug|Any CPU = Debug|Any CPU
		Release|Any CPU = Release|Any CPU
	EndGlobalSection
	GlobalSection(ProjectConfigurationPlatforms) = postSolution
		{96A52DD1-5C5A-4154-BB3F-131EBFCEA379}.Debug|Any CPU.ActiveCfg = Debug|Any CPU
		{96A52DD1-5C5A-4154-BB3F-131EBFCEA379}.Debug|Any CPU.Build.0 = Debug|Any CPU
		{96A52DD1-5C5A-4154-BB3F-131EBFCEA379}.Release|Any CPU.ActiveCfg = Release|Any CPU
		{96A52DD1-5C5A-4154-BB3F-131EBFCEA379}.Release|Any CPU.Build.0 = Release|Any CPU
	EndGlobalSection
	GlobalSection(SolutionProperties) = preSolution
		HideSolutionNode = FALSE
	EndGlobalSection
	GlobalSection(ExtensibilityGlobals) = postSolution
		SolutionGuid = {E6557417-5AF6-4D39-A9CD-8987E31A78ED}
	EndGlobalSection
EndGlobal
