
Microsoft Visual Studio Solution File, Format Version 12.00
# Visual Studio Version 16
VisualStudioVersion = 16.0.30621.155
MinimumVisualStudioVersion = 10.0.40219.1
Project("{FAE04EC0-301F-11D3-BF4B-00C04F79EFBC}") = "ConsoleApp10", "ConsoleApp10\ConsoleApp10.csproj", "{BD75C8FD-43FB-4C50-A944-CE48880A0460}"
EndProject
Global
	GlobalSection(SolutionConfigurationPlatforms) = preSolution
		Debug|Any CPU = Debug|Any CPU
		Release|Any CPU = Release|Any CPU
	EndGlobalSection
	GlobalSection(ProjectConfigurationPlatforms) = postSolution
		{BD75C8FD-43FB-4C50-A944-CE48880A0460}.Debug|Any CPU.ActiveCfg = Debug|Any CPU
		{BD75C8FD-43FB-4C50-A944-CE48880A0460}.Debug|Any CPU.Build.0 = Debug|Any CPU
		{BD75C8FD-43FB-4C50-A944-CE48880A0460}.Release|Any CPU.ActiveCfg = Release|Any CPU
		{BD75C8FD-43FB-4C50-A944-CE48880A0460}.Release|Any CPU.Build.0 = Release|Any CPU
	EndGlobalSection
	GlobalSection(SolutionProperties) = preSolution
		HideSolutionNode = FALSE
	EndGlobalSection
	GlobalSection(ExtensibilityGlobals) = postSolution
		SolutionGuid = {86A8B662-C6F3-4771-9FF5-6C6212ACDC7B}
	EndGlobalSection
EndGlobal
