
Microsoft Visual Studio Solution File, Format Version 12.00
# Visual Studio Version 16
VisualStudioVersion = 16.0.30621.155
MinimumVisualStudioVersion = 10.0.40219.1
Project("{FAE04EC0-301F-11D3-BF4B-00C04F79EFBC}") = "problem2", "problem2\problem2.csproj", "{7A84D451-C5C4-4C69-934A-C68FC466D5BC}"
EndProject
Global
	GlobalSection(SolutionConfigurationPlatforms) = preSolution
		Debug|Any CPU = Debug|Any CPU
		Release|Any CPU = Release|Any CPU
	EndGlobalSection
	GlobalSection(ProjectConfigurationPlatforms) = postSolution
		{7A84D451-C5C4-4C69-934A-C68FC466D5BC}.Debug|Any CPU.ActiveCfg = Debug|Any CPU
		{7A84D451-C5C4-4C69-934A-C68FC466D5BC}.Debug|Any CPU.Build.0 = Debug|Any CPU
		{7A84D451-C5C4-4C69-934A-C68FC466D5BC}.Release|Any CPU.ActiveCfg = Release|Any CPU
		{7A84D451-C5C4-4C69-934A-C68FC466D5BC}.Release|Any CPU.Build.0 = Release|Any CPU
	EndGlobalSection
	GlobalSection(SolutionProperties) = preSolution
		HideSolutionNode = FALSE
	EndGlobalSection
	GlobalSection(ExtensibilityGlobals) = postSolution
		SolutionGuid = {F45F826B-3FEE-4A95-9A24-30799C6B2931}
	EndGlobalSection
EndGlobal
