
Microsoft Visual Studio Solution File, Format Version 12.00
# Visual Studio Version 16
VisualStudioVersion = 16.0.30621.155
MinimumVisualStudioVersion = 10.0.40219.1
Project("{FAE04EC0-301F-11D3-BF4B-00C04F79EFBC}") = "enum", "enum\enum.csproj", "{450D5CAF-0BA6-4308-8EF9-C7175EEAAD00}"
EndProject
Global
	GlobalSection(SolutionConfigurationPlatforms) = preSolution
		Debug|Any CPU = Debug|Any CPU
		Release|Any CPU = Release|Any CPU
	EndGlobalSection
	GlobalSection(ProjectConfigurationPlatforms) = postSolution
		{450D5CAF-0BA6-4308-8EF9-C7175EEAAD00}.Debug|Any CPU.ActiveCfg = Debug|Any CPU
		{450D5CAF-0BA6-4308-8EF9-C7175EEAAD00}.Debug|Any CPU.Build.0 = Debug|Any CPU
		{450D5CAF-0BA6-4308-8EF9-C7175EEAAD00}.Release|Any CPU.ActiveCfg = Release|Any CPU
		{450D5CAF-0BA6-4308-8EF9-C7175EEAAD00}.Release|Any CPU.Build.0 = Release|Any CPU
	EndGlobalSection
	GlobalSection(SolutionProperties) = preSolution
		HideSolutionNode = FALSE
	EndGlobalSection
	GlobalSection(ExtensibilityGlobals) = postSolution
		SolutionGuid = {5589BAFD-602B-406C-B224-91EAA8B28CE5}
	EndGlobalSection
EndGlobal
