
Microsoft Visual Studio Solution File, Format Version 12.00
# Visual Studio Version 16
VisualStudioVersion = 16.0.30621.155
MinimumVisualStudioVersion = 10.0.40219.1
Project("{FAE04EC0-301F-11D3-BF4B-00C04F79EFBC}") = "ConsoleAppnov14", "ConsoleAppnov14\ConsoleAppnov14.csproj", "{352261E3-3EF1-49F5-8184-89CCEF447B99}"
EndProject
Global
	GlobalSection(SolutionConfigurationPlatforms) = preSolution
		Debug|Any CPU = Debug|Any CPU
		Release|Any CPU = Release|Any CPU
	EndGlobalSection
	GlobalSection(ProjectConfigurationPlatforms) = postSolution
		{352261E3-3EF1-49F5-8184-89CCEF447B99}.Debug|Any CPU.ActiveCfg = Debug|Any CPU
		{352261E3-3EF1-49F5-8184-89CCEF447B99}.Debug|Any CPU.Build.0 = Debug|Any CPU
		{352261E3-3EF1-49F5-8184-89CCEF447B99}.Release|Any CPU.ActiveCfg = Release|Any CPU
		{352261E3-3EF1-49F5-8184-89CCEF447B99}.Release|Any CPU.Build.0 = Release|Any CPU
	EndGlobalSection
	GlobalSection(SolutionProperties) = preSolution
		HideSolutionNode = FALSE
	EndGlobalSection
	GlobalSection(ExtensibilityGlobals) = postSolution
		SolutionGuid = {8A2AE434-87B0-4D7A-93C3-C1E8E7CFC620}
	EndGlobalSection
EndGlobal
