
Microsoft Visual Studio Solution File, Format Version 12.00
# Visual Studio Version 16
VisualStudioVersion = 16.0.30621.155
MinimumVisualStudioVersion = 10.0.40219.1
Project("{FAE04EC0-301F-11D3-BF4B-00C04F79EFBC}") = "parallelfor loop", "parallelfor loop\parallelfor loop.csproj", "{6114452E-E3D8-4DB8-9B07-50974C19207B}"
EndProject
Global
	GlobalSection(SolutionConfigurationPlatforms) = preSolution
		Debug|Any CPU = Debug|Any CPU
		Release|Any CPU = Release|Any CPU
	EndGlobalSection
	GlobalSection(ProjectConfigurationPlatforms) = postSolution
		{6114452E-E3D8-4DB8-9B07-50974C19207B}.Debug|Any CPU.ActiveCfg = Debug|Any CPU
		{6114452E-E3D8-4DB8-9B07-50974C19207B}.Debug|Any CPU.Build.0 = Debug|Any CPU
		{6114452E-E3D8-4DB8-9B07-50974C19207B}.Release|Any CPU.ActiveCfg = Release|Any CPU
		{6114452E-E3D8-4DB8-9B07-50974C19207B}.Release|Any CPU.Build.0 = Release|Any CPU
	EndGlobalSection
	GlobalSection(SolutionProperties) = preSolution
		HideSolutionNode = FALSE
	EndGlobalSection
	GlobalSection(ExtensibilityGlobals) = postSolution
		SolutionGuid = {D79D2D8D-3D63-4FD6-8A1E-A36D56BB704F}
	EndGlobalSection
EndGlobal
