
Microsoft Visual Studio Solution File, Format Version 12.00
# Visual Studio Version 16
VisualStudioVersion = 16.0.30621.155
MinimumVisualStudioVersion = 10.0.40219.1
Project("{FAE04EC0-301F-11D3-BF4B-00C04F79EFBC}") = "nov11", "nov11\nov11.csproj", "{A0491224-CAE1-45BC-9AAE-F154C1D683F4}"
EndProject
Global
	GlobalSection(SolutionConfigurationPlatforms) = preSolution
		Debug|Any CPU = Debug|Any CPU
		Release|Any CPU = Release|Any CPU
	EndGlobalSection
	GlobalSection(ProjectConfigurationPlatforms) = postSolution
		{A0491224-CAE1-45BC-9AAE-F154C1D683F4}.Debug|Any CPU.ActiveCfg = Debug|Any CPU
		{A0491224-CAE1-45BC-9AAE-F154C1D683F4}.Debug|Any CPU.Build.0 = Debug|Any CPU
		{A0491224-CAE1-45BC-9AAE-F154C1D683F4}.Release|Any CPU.ActiveCfg = Release|Any CPU
		{A0491224-CAE1-45BC-9AAE-F154C1D683F4}.Release|Any CPU.Build.0 = Release|Any CPU
	EndGlobalSection
	GlobalSection(SolutionProperties) = preSolution
		HideSolutionNode = FALSE
	EndGlobalSection
	GlobalSection(ExtensibilityGlobals) = postSolution
		SolutionGuid = {0200C487-B033-487C-BC93-42F4BDA9A122}
	EndGlobalSection
EndGlobal
