
Microsoft Visual Studio Solution File, Format Version 12.00
# Visual Studio Version 16
VisualStudioVersion = 16.0.30621.155
MinimumVisualStudioVersion = 10.0.40219.1
Project("{FAE04EC0-301F-11D3-BF4B-00C04F79EFBC}") = "ConsoleApp112", "ConsoleApp112\ConsoleApp112.csproj", "{8C8E5B21-7FF6-4361-88E7-B17688A00807}"
EndProject
Global
	GlobalSection(SolutionConfigurationPlatforms) = preSolution
		Debug|Any CPU = Debug|Any CPU
		Release|Any CPU = Release|Any CPU
	EndGlobalSection
	GlobalSection(ProjectConfigurationPlatforms) = postSolution
		{8C8E5B21-7FF6-4361-88E7-B17688A00807}.Debug|Any CPU.ActiveCfg = Debug|Any CPU
		{8C8E5B21-7FF6-4361-88E7-B17688A00807}.Debug|Any CPU.Build.0 = Debug|Any CPU
		{8C8E5B21-7FF6-4361-88E7-B17688A00807}.Release|Any CPU.ActiveCfg = Release|Any CPU
		{8C8E5B21-7FF6-4361-88E7-B17688A00807}.Release|Any CPU.Build.0 = Release|Any CPU
	EndGlobalSection
	GlobalSection(SolutionProperties) = preSolution
		HideSolutionNode = FALSE
	EndGlobalSection
	GlobalSection(ExtensibilityGlobals) = postSolution
		SolutionGuid = {F6D0B62E-BB00-4446-B901-50DF9021E4A6}
	EndGlobalSection
EndGlobal
