
Microsoft Visual Studio Solution File, Format Version 12.00
# Visual Studio Version 16
VisualStudioVersion = 16.0.30621.155
MinimumVisualStudioVersion = 10.0.40219.1
Project("{FAE04EC0-301F-11D3-BF4B-00C04F79EFBC}") = "exception", "exception\exception.csproj", "{6F66F3DA-23A3-4463-AA1E-D7003D6436FB}"
EndProject
Global
	GlobalSection(SolutionConfigurationPlatforms) = preSolution
		Debug|Any CPU = Debug|Any CPU
		Release|Any CPU = Release|Any CPU
	EndGlobalSection
	GlobalSection(ProjectConfigurationPlatforms) = postSolution
		{6F66F3DA-23A3-4463-AA1E-D7003D6436FB}.Debug|Any CPU.ActiveCfg = Debug|Any CPU
		{6F66F3DA-23A3-4463-AA1E-D7003D6436FB}.Debug|Any CPU.Build.0 = Debug|Any CPU
		{6F66F3DA-23A3-4463-AA1E-D7003D6436FB}.Release|Any CPU.ActiveCfg = Release|Any CPU
		{6F66F3DA-23A3-4463-AA1E-D7003D6436FB}.Release|Any CPU.Build.0 = Release|Any CPU
	EndGlobalSection
	GlobalSection(SolutionProperties) = preSolution
		HideSolutionNode = FALSE
	EndGlobalSection
	GlobalSection(ExtensibilityGlobals) = postSolution
		SolutionGuid = {6DA41DA9-AF16-4854-849E-28A96EE70926}
	EndGlobalSection
EndGlobal
