
Microsoft Visual Studio Solution File, Format Version 12.00
# Visual Studio Version 16
VisualStudioVersion = 16.0.30621.155
MinimumVisualStudioVersion = 10.0.40219.1
Project("{FAE04EC0-301F-11D3-BF4B-00C04F79EFBC}") = "nov101", "nov101\nov101.csproj", "{852C2496-6A73-44E5-B2D7-DB9535D18221}"
EndProject
Global
	GlobalSection(SolutionConfigurationPlatforms) = preSolution
		Debug|Any CPU = Debug|Any CPU
		Release|Any CPU = Release|Any CPU
	EndGlobalSection
	GlobalSection(ProjectConfigurationPlatforms) = postSolution
		{852C2496-6A73-44E5-B2D7-DB9535D18221}.Debug|Any CPU.ActiveCfg = Debug|Any CPU
		{852C2496-6A73-44E5-B2D7-DB9535D18221}.Debug|Any CPU.Build.0 = Debug|Any CPU
		{852C2496-6A73-44E5-B2D7-DB9535D18221}.Release|Any CPU.ActiveCfg = Release|Any CPU
		{852C2496-6A73-44E5-B2D7-DB9535D18221}.Release|Any CPU.Build.0 = Release|Any CPU
	EndGlobalSection
	GlobalSection(SolutionProperties) = preSolution
		HideSolutionNode = FALSE
	EndGlobalSection
	GlobalSection(ExtensibilityGlobals) = postSolution
		SolutionGuid = {57250330-2EA7-4A84-A0E6-AC3904EF8C15}
	EndGlobalSection
EndGlobal
