
Microsoft Visual Studio Solution File, Format Version 12.00
# Visual Studio Version 16
VisualStudioVersion = 16.0.30621.155
MinimumVisualStudioVersion = 10.0.40219.1
Project("{FAE04EC0-301F-11D3-BF4B-00C04F79EFBC}") = "nov17", "nov17\nov17.csproj", "{1155F0E4-C439-4210-B9E9-85E993A8DE26}"
EndProject
Global
	GlobalSection(SolutionConfigurationPlatforms) = preSolution
		Debug|Any CPU = Debug|Any CPU
		Release|Any CPU = Release|Any CPU
	EndGlobalSection
	GlobalSection(ProjectConfigurationPlatforms) = postSolution
		{1155F0E4-C439-4210-B9E9-85E993A8DE26}.Debug|Any CPU.ActiveCfg = Debug|Any CPU
		{1155F0E4-C439-4210-B9E9-85E993A8DE26}.Debug|Any CPU.Build.0 = Debug|Any CPU
		{1155F0E4-C439-4210-B9E9-85E993A8DE26}.Release|Any CPU.ActiveCfg = Release|Any CPU
		{1155F0E4-C439-4210-B9E9-85E993A8DE26}.Release|Any CPU.Build.0 = Release|Any CPU
	EndGlobalSection
	GlobalSection(SolutionProperties) = preSolution
		HideSolutionNode = FALSE
	EndGlobalSection
	GlobalSection(ExtensibilityGlobals) = postSolution
		SolutionGuid = {0C14F35C-2851-442A-A061-562B55207000}
	EndGlobalSection
EndGlobal
