
Microsoft Visual Studio Solution File, Format Version 12.00
# Visual Studio Version 16
VisualStudioVersion = 16.0.30621.155
MinimumVisualStudioVersion = 10.0.40219.1
Project("{FAE04EC0-301F-11D3-BF4B-00C04F79EFBC}") = "department", "department\department.csproj", "{BD156A8E-6F66-4C20-A474-962471879322}"
EndProject
Global
	GlobalSection(SolutionConfigurationPlatforms) = preSolution
		Debug|Any CPU = Debug|Any CPU
		Release|Any CPU = Release|Any CPU
	EndGlobalSection
	GlobalSection(ProjectConfigurationPlatforms) = postSolution
		{BD156A8E-6F66-4C20-A474-962471879322}.Debug|Any CPU.ActiveCfg = Debug|Any CPU
		{BD156A8E-6F66-4C20-A474-962471879322}.Debug|Any CPU.Build.0 = Debug|Any CPU
		{BD156A8E-6F66-4C20-A474-962471879322}.Release|Any CPU.ActiveCfg = Release|Any CPU
		{BD156A8E-6F66-4C20-A474-962471879322}.Release|Any CPU.Build.0 = Release|Any CPU
	EndGlobalSection
	GlobalSection(SolutionProperties) = preSolution
		HideSolutionNode = FALSE
	EndGlobalSection
	GlobalSection(ExtensibilityGlobals) = postSolution
		SolutionGuid = {61871167-ABA1-4B10-A48E-9FA78310DD76}
	EndGlobalSection
EndGlobal
